
Microsoft Visual Studio Solution File, Format Version 12.00
# Visual Studio 14
VisualStudioVersion = 14.0.25420.1
MinimumVisualStudioVersion = 10.0.40219.1
Project("{FAE04EC0-301F-11D3-BF4B-00C04F79EFBC}") = "CFN_Bot", "CFN_Bot\CFN_Bot.csproj", "{6EADED0A-5F7D-4F1F-9D59-AC5CA482388D}"
EndProject
Global
	GlobalSection(SolutionConfigurationPlatforms) = preSolution
		Debug|Any CPU = Debug|Any CPU
		Release|Any CPU = Release|Any CPU
	EndGlobalSection
	GlobalSection(ProjectConfigurationPlatforms) = postSolution
		{6EADED0A-5F7D-4F1F-9D59-AC5CA482388D}.Debug|Any CPU.ActiveCfg = Debug|Any CPU
		{6EADED0A-5F7D-4F1F-9D59-AC5CA482388D}.Debug|Any CPU.Build.0 = Debug|Any CPU
		{6EADED0A-5F7D-4F1F-9D59-AC5CA482388D}.Release|Any CPU.ActiveCfg = Release|Any CPU
		{6EADED0A-5F7D-4F1F-9D59-AC5CA482388D}.Release|Any CPU.Build.0 = Release|Any CPU
	EndGlobalSection
	GlobalSection(SolutionProperties) = preSolution
		HideSolutionNode = FALSE
	EndGlobalSection
EndGlobal
